// !$*UTF8*$!
{
	archiveVersion = 1;
	classes = {
	};
	objectVersion = 77;
	objects = {

/* Begin PBXContainerItemProxy section */
		0ABF9D6A2E0BC2AE00495AB5 /* PBXContainerItemProxy */ = {
			isa = PBXContainerItemProxy;
			containerPortal = 0ABF9D4F2E0BC2AD00495AB5 /* Project object */;
			proxyType = 1;
			remoteGlobalIDString = 0ABF9D562E0BC2AD00495AB5;
			remoteInfo = ios_beta;
		};
		0ABF9D742E0BC2AE00495AB5 /* PBXContainerItemProxy */ = {
			isa = PBXContainerItemProxy;
			containerPortal = 0ABF9D4F2E0BC2AD00495AB5 /* Project object */;
			proxyType = 1;
			remoteGlobalIDString = 0ABF9D562E0BC2AD00495AB5;
			remoteInfo = ios_beta;
		};
/* End PBXContainerItemProxy section */

/* Begin PBXFileReference section */
		0ABF9D572E0BC2AD00495AB5 /* ios_beta.app */ = {isa = PBXFileReference; explicitFileType = wrapper.application; includeInIndex = 0; path = ios_beta.app; sourceTree = BUILT_PRODUCTS_DIR; };
		0ABF9D692E0BC2AE00495AB5 /* ios_betaTests.xctest */ = {isa = PBXFileReference; explicitFileType = wrapper.cfbundle; includeInIndex = 0; path = ios_betaTests.xctest; sourceTree = BUILT_PRODUCTS_DIR; };
		0ABF9D732E0BC2AE00495AB5 /* ios_betaUITests.xctest */ = {isa = PBXFileReference; explicitFileType = wrapper.cfbundle; includeInIndex = 0; path = ios_betaUITests.xctest; sourceTree = BUILT_PRODUCTS_DIR; };
/* End PBXFileReference section */

/* Begin PBXFileSystemSynchronizedRootGroup section */
		0ABF9D592E0BC2AD00495AB5 /* ios_beta */ = {
			isa = PBXFileSystemSynchronizedRootGroup;
			path = ios_beta;
			sourceTree = "<group>";
		};
		0ABF9D6C2E0BC2AE00495AB5 /* ios_betaTests */ = {
			isa = PBXFileSystemSynchronizedRootGroup;
			path = ios_betaTests;
			sourceTree = "<group>";
		};
		0ABF9D762E0BC2AE00495AB5 /* ios_betaUITests */ = {
			isa = PBXFileSystemSynchronizedRootGroup;
			path = ios_betaUITests;
			sourceTree = "<group>";
		};
/* End PBXFileSystemSynchronizedRootGroup section */

/* Begin PBXFrameworksBuildPhase section */
		0ABF9D542E0BC2AD00495AB5 /* Frameworks */ = {
			isa = PBXFrameworksBuildPhase;
			buildActionMask = 2147483647;
			files = (
			);
			runOnlyForDeploymentPostprocessing = 0;
		};
		0ABF9D662E0BC2AE00495AB5 /* Frameworks */ = {
			isa = PBXFrameworksBuildPhase;
			buildActionMask = 2147483647;
			files = (
			);
			runOnlyForDeploymentPostprocessing = 0;
		};
		0ABF9D702E0BC2AE00495AB5 /* Frameworks */ = {
			isa = PBXFrameworksBuildPhase;
			buildActionMask = 2147483647;
			files = (
			);
			runOnlyForDeploymentPostprocessing = 0;
		};
/* End PBXFrameworksBuildPhase section */

/* Begin PBXGroup section */
		0ABF9D4E2E0BC2AD00495AB5 = {
			isa = PBXGroup;
			children = (
				0ABF9D592E0BC2AD00495AB5 /* ios_beta */,
				0ABF9D6C2E0BC2AE00495AB5 /* ios_betaTests */,
				0ABF9D762E0BC2AE00495AB5 /* ios_betaUITests */,
				0ABF9D582E0BC2AD00495AB5 /* Products */,
			);
			sourceTree = "<group>";
		};
		0ABF9D582E0BC2AD00495AB5 /* Products */ = {
			isa = PBXGroup;
			children = (
				0ABF9D572E0BC2AD00495AB5 /* ios_beta.app */,
				0ABF9D692E0BC2AE00495AB5 /* ios_betaTests.xctest */,
				0ABF9D732E0BC2AE00495AB5 /* ios_betaUITests.xctest */,
			);
			name = Products;
			sourceTree = "<group>";
		};
/* End PBXGroup section */

/* Begin PBXNativeTarget section */
		0ABF9D562E0BC2AD00495AB5 /* ios_beta */ = {
			isa = PBXNativeTarget;
			buildConfigurationList = 0ABF9D7D2E0BC2AE00495AB5 /* Build configuration list for PBXNativeTarget "ios_beta" */;
			buildPhases = (
				0ABF9D532E0BC2AD00495AB5 /* Sources */,
				0ABF9D542E0BC2AD00495AB5 /* Frameworks */,
				0ABF9D552E0BC2AD00495AB5 /* Resources */,
			);
			buildRules = (
			);
			dependencies = (
			);
			fileSystemSynchronizedGroups = (
				0ABF9D592E0BC2AD00495AB5 /* ios_beta */,
			);
			name = ios_beta;
			packageProductDependencies = (
			);
			productName = ios_beta;
			productReference = 0ABF9D572E0BC2AD00495AB5 /* ios_beta.app */;
			productType = "com.apple.product-type.application";
		};
		0ABF9D682E0BC2AE00495AB5 /* ios_betaTests */ = {
			isa = PBXNativeTarget;
			buildConfigurationList = 0ABF9D802E0BC2AE00495AB5 /* Build configuration list for PBXNativeTarget "ios_betaTests" */;
			buildPhases = (
				0ABF9D652E0BC2AE00495AB5 /* Sources */,
				0ABF9D662E0BC2AE00495AB5 /* Frameworks */,
				0ABF9D672E0BC2AE00495AB5 /* Resources */,
			);
			buildRules = (
			);
			dependencies = (
				0ABF9D6B2E0BC2AE00495AB5 /* PBXTargetDependency */,
			);
			fileSystemSynchronizedGroups = (
				0ABF9D6C2E0BC2AE00495AB5 /* ios_betaTests */,
			);
			name = ios_betaTests;
			packageProductDependencies = (
			);
			productName = ios_betaTests;
			productReference = 0ABF9D692E0BC2AE00495AB5 /* ios_betaTests.xctest */;
			productType = "com.apple.product-type.bundle.unit-test";
		};
		0ABF9D722E0BC2AE00495AB5 /* ios_betaUITests */ = {
			isa = PBXNativeTarget;
			buildConfigurationList = 0ABF9D832E0BC2AE00495AB5 /* Build configuration list for PBXNativeTarget "ios_betaUITests" */;
			buildPhases = (
				0ABF9D6F2E0BC2AE00495AB5 /* Sources */,
				0ABF9D702E0BC2AE00495AB5 /* Frameworks */,
				0ABF9D712E0BC2AE00495AB5 /* Resources */,
			);
			buildRules = (
			);
			dependencies = (
				0ABF9D752E0BC2AE00495AB5 /* PBXTargetDependency */,
			);
			fileSystemSynchronizedGroups = (
				0ABF9D762E0BC2AE00495AB5 /* ios_betaUITests */,
			);
			name = ios_betaUITests;
			packageProductDependencies = (
			);
			productName = ios_betaUITests;
			productReference = 0ABF9D732E0BC2AE00495AB5 /* ios_betaUITests.xctest */;
			productType = "com.apple.product-type.bundle.ui-testing";
		};
/* End PBXNativeTarget section */

/* Begin PBXProject section */
		0ABF9D4F2E0BC2AD00495AB5 /* Project object */ = {
			isa = PBXProject;
			attributes = {
				BuildIndependentTargetsInParallel = 1;
				LastSwiftUpdateCheck = 1640;
				LastUpgradeCheck = 1640;
				TargetAttributes = {
					0ABF9D562E0BC2AD00495AB5 = {
						CreatedOnToolsVersion = 16.4;
					};
					0ABF9D682E0BC2AE00495AB5 = {
						CreatedOnToolsVersion = 16.4;
						TestTargetID = 0ABF9D562E0BC2AD00495AB5;
					};
					0ABF9D722E0BC2AE00495AB5 = {
						CreatedOnToolsVersion = 16.4;
						TestTargetID = 0ABF9D562E0BC2AD00495AB5;
					};
				};
			};
			buildConfigurationList = 0ABF9D522E0BC2AD00495AB5 /* Build configuration list for PBXProject "ios_beta" */;
			developmentRegion = en;
			hasScannedForEncodings = 0;
			knownRegions = (
				en,
				Base,
			);
			mainGroup = 0ABF9D4E2E0BC2AD00495AB5;
			minimizedProjectReferenceProxies = 1;
			preferredProjectObjectVersion = 77;
			productRefGroup = 0ABF9D582E0BC2AD00495AB5 /* Products */;
			projectDirPath = "";
			projectRoot = "";
			targets = (
				0ABF9D562E0BC2AD00495AB5 /* ios_beta */,
				0ABF9D682E0BC2AE00495AB5 /* ios_betaTests */,
				0ABF9D722E0BC2AE00495AB5 /* ios_betaUITests */,
			);
		};
/* End PBXProject section */

/* Begin PBXResourcesBuildPhase section */
		0ABF9D552E0BC2AD00495AB5 /* Resources */ = {
			isa = PBXResourcesBuildPhase;
			buildActionMask = 2147483647;
			files = (
			);
			runOnlyForDeploymentPostprocessing = 0;
		};
		0ABF9D672E0BC2AE00495AB5 /* Resources */ = {
			isa = PBXResourcesBuildPhase;
			buildActionMask = 2147483647;
			files = (
			);
			runOnlyForDeploymentPostprocessing = 0;
		};
		0ABF9D712E0BC2AE00495AB5 /* Resources */ = {
			isa = PBXResourcesBuildPhase;
			buildActionMask = 2147483647;
			files = (
			);
			runOnlyForDeploymentPostprocessing = 0;
		};
/* End PBXResourcesBuildPhase section */

/* Begin PBXSourcesBuildPhase section */
		0ABF9D532E0BC2AD00495AB5 /* Sources */ = {
			isa = PBXSourcesBuildPhase;
			buildActionMask = 2147483647;
			files = (
			);
			runOnlyForDeploymentPostprocessing = 0;
		};
		0ABF9D652E0BC2AE00495AB5 /* Sources */ = {
			isa = PBXSourcesBuildPhase;
			buildActionMask = 2147483647;
			files = (
			);
			runOnlyForDeploymentPostprocessing = 0;
		};
		0ABF9D6F2E0BC2AE00495AB5 /* Sources */ = {
			isa = PBXSourcesBuildPhase;
			buildActionMask = 2147483647;
			files = (
			);
			runOnlyForDeploymentPostprocessing = 0;
		};
/* End PBXSourcesBuildPhase section */

/* Begin PBXTargetDependency section */
		0ABF9D6B2E0BC2AE00495AB5 /* PBXTargetDependency */ = {
			isa = PBXTargetDependency;
			target = 0ABF9D562E0BC2AD00495AB5 /* ios_beta */;
			targetProxy = 0ABF9D6A2E0BC2AE00495AB5 /* PBXContainerItemProxy */;
		};
		0ABF9D752E0BC2AE00495AB5 /* PBXTargetDependency */ = {
			isa = PBXTargetDependency;
			target = 0ABF9D562E0BC2AD00495AB5 /* ios_beta */;
			targetProxy = 0ABF9D742E0BC2AE00495AB5 /* PBXContainerItemProxy */;
		};
/* End PBXTargetDependency section */

/* Begin XCBuildConfiguration section */
		0ABF9D7B2E0BC2AE00495AB5 /* Debug */ = {
			isa = XCBuildConfiguration;
			buildSettings = {
				ALWAYS_SEARCH_USER_PATHS = NO;
				ASSETCATALOG_COMPILER_GENERATE_SWIFT_ASSET_SYMBOL_EXTENSIONS = YES;
				CLANG_ANALYZER_NONNULL = YES;
				CLANG_ANALYZER_NUMBER_OBJECT_CONVERSION = YES_AGGRESSIVE;
				CLANG_CXX_LANGUAGE_STANDARD = "gnu++20";
				CLANG_ENABLE_MODULES = YES;
				CLANG_ENABLE_OBJC_ARC = YES;
				CLANG_ENABLE_OBJC_WEAK = YES;
				CLANG_WARN_BLOCK_CAPTURE_AUTORELEASING = YES;
				CLANG_WARN_BOOL_CONVERSION = YES;
				CLANG_WARN_COMMA = YES;
				CLANG_WARN_CONSTANT_CONVERSION = YES;
				CLANG_WARN_DEPRECATED_OBJC_IMPLEMENTATIONS = YES;
				CLANG_WARN_DIRECT_OBJC_ISA_USAGE = YES_ERROR;
				CLANG_WARN_DOCUMENTATION_COMMENTS = YES;
				CLANG_WARN_EMPTY_BODY = YES;
				CLANG_WARN_ENUM_CONVERSION = YES;
				CLANG_WARN_INFINITE_RECURSION = YES;
				CLANG_WARN_INT_CONVERSION = YES;
				CLANG_WARN_NON_LITERAL_NULL_CONVERSION = YES;
				CLANG_WARN_OBJC_IMPLICIT_RETAIN_SELF = YES;
				CLANG_WARN_OBJC_LITERAL_CONVERSION = YES;
				CLANG_WARN_OBJC_ROOT_CLASS = YES_ERROR;
				CLANG_WARN_QUOTED_INCLUDE_IN_FRAMEWORK_HEADER = YES;
				CLANG_WARN_RANGE_LOOP_ANALYSIS = YES;
				CLANG_WARN_STRICT_PROTOTYPES = YES;
				CLANG_WARN_SUSPICIOUS_MOVE = YES;
				CLANG_WARN_UNGUARDED_AVAILABILITY = YES_AGGRESSIVE;
				CLANG_WARN_UNREACHABLE_CODE = YES;
				CLANG_WARN__DUPLICATE_METHOD_MATCH = YES;
				COPY_PHASE_STRIP = NO;
				DEBUG_INFORMATION_FORMAT = dwarf;
				ENABLE_STRICT_OBJC_MSGSEND = YES;
				ENABLE_TESTABILITY = YES;
				ENABLE_USER_SCRIPT_SANDBOXING = YES;
				GCC_C_LANGUAGE_STANDARD = gnu17;
				GCC_DYNAMIC_NO_PIC = NO;
				GCC_NO_COMMON_BLOCKS = YES;
				GCC_OPTIMIZATION_LEVEL = 0;
				GCC_PREPROCESSOR_DEFINITIONS = (
					"DEBUG=1",
					"$(inherited)",
				);
				GCC_WARN_64_TO_32_BIT_CONVERSION = YES;
				GCC_WARN_ABOUT_RETURN_TYPE = YES_ERROR;
				GCC_WARN_UNDECLARED_SELECTOR = YES;
				GCC_WARN_UNINITIALIZED_AUTOS = YES_AGGRESSIVE;
				GCC_WARN_UNUSED_FUNCTION = YES;
				GCC_WARN_UNUSED_VARIABLE = YES;
				IPHONEOS_DEPLOYMENT_TARGET = 18.5;
				LOCALIZATION_PREFERS_STRING_CATALOGS = YES;
				MTL_ENABLE_DEBUG_INFO = INCLUDE_SOURCE;
				MTL_FAST_MATH = YES;
				ONLY_ACTIVE_ARCH = YES;
				SDKROOT = iphoneos;
				SWIFT_ACTIVE_COMPILATION_CONDITIONS = "DEBUG $(inherited)";
				SWIFT_OPTIMIZATION_LEVEL = "-Onone";
			};
			name = Debug;
		};
		0ABF9D7C2E0BC2AE00495AB5 /* Release */ = {
			isa = XCBuildConfiguration;
			buildSettings = {
				ALWAYS_SEARCH_USER_PATHS = NO;
				ASSETCATALOG_COMPILER_GENERATE_SWIFT_ASSET_SYMBOL_EXTENSIONS = YES;
				CLANG_ANALYZER_NONNULL = YES;
				CLANG_ANALYZER_NUMBER_OBJECT_CONVERSION = YES_AGGRESSIVE;
				CLANG_CXX_LANGUAGE_STANDARD = "gnu++20";
				CLANG_ENABLE_MODULES = YES;
				CLANG_ENABLE_OBJC_ARC = YES;
				CLANG_ENABLE_OBJC_WEAK = YES;
				CLANG_WARN_BLOCK_CAPTURE_AUTORELEASING = YES;
				CLANG_WARN_BOOL_CONVERSION = YES;
				CLANG_WARN_COMMA = YES;
				CLANG_WARN_CONSTANT_CONVERSION = YES;
				CLANG_WARN_DEPRECATED_OBJC_IMPLEMENTATIONS = YES;
				CLANG_WARN_DIRECT_OBJC_ISA_USAGE = YES_ERROR;
				CLANG_WARN_DOCUMENTATION_COMMENTS = YES;
				CLANG_WARN_EMPTY_BODY = YES;
				CLANG_WARN_ENUM_CONVERSION = YES;
				CLANG_WARN_INFINITE_RECURSION = YES;
				CLANG_WARN_INT_CONVERSION = YES;
				CLANG_WARN_NON_LITERAL_NULL_CONVERSION = YES;
				CLANG_WARN_OBJC_IMPLICIT_RETAIN_SELF = YES;
				CLANG_WARN_OBJC_LITERAL_CONVERSION = YES;
				CLANG_WARN_OBJC_ROOT_CLASS = YES_ERROR;
				CLANG_WARN_QUOTED_INCLUDE_IN_FRAMEWORK_HEADER = YES;
				CLANG_WARN_RANGE_LOOP_ANALYSIS = YES;
				CLANG_WARN_STRICT_PROTOTYPES = YES;
				CLANG_WARN_SUSPICIOUS_MOVE = YES;
				CLANG_WARN_UNGUARDED_AVAILABILITY = YES_AGGRESSIVE;
				CLANG_WARN_UNREACHABLE_CODE = YES;
				CLANG_WARN__DUPLICATE_METHOD_MATCH = YES;
				COPY_PHASE_STRIP = NO;
				DEBUG_INFORMATION_FORMAT = "dwarf-with-dsym";
				ENABLE_NS_ASSERTIONS = NO;
				ENABLE_STRICT_OBJC_MSGSEND = YES;
				ENABLE_USER_SCRIPT_SANDBOXING = YES;
				GCC_C_LANGUAGE_STANDARD = gnu17;
				GCC_NO_COMMON_BLOCKS = YES;
				GCC_WARN_64_TO_32_BIT_CONVERSION = YES;
				GCC_WARN_ABOUT_RETURN_TYPE = YES_ERROR;
				GCC_WARN_UNDECLARED_SELECTOR = YES;
				GCC_WARN_UNINITIALIZED_AUTOS = YES_AGGRESSIVE;
				GCC_WARN_UNUSED_FUNCTION = YES;
				GCC_WARN_UNUSED_VARIABLE = YES;
				IPHONEOS_DEPLOYMENT_TARGET = 18.5;
				LOCALIZATION_PREFERS_STRING_CATALOGS = YES;
				MTL_ENABLE_DEBUG_INFO = NO;
				MTL_FAST_MATH = YES;
				SDKROOT = iphoneos;
				SWIFT_COMPILATION_MODE = wholemodule;
				VALIDATE_PRODUCT = YES;
			};
			name = Release;
		};
		0ABF9D7E2E0BC2AE00495AB5 /* Debug */ = {
			isa = XCBuildConfiguration;
			buildSettings = {
				ASSETCATALOG_COMPILER_APPICON_NAME = AppIcon;
				ASSETCATALOG_COMPILER_GLOBAL_ACCENT_COLOR_NAME = AccentColor;
				CODE_SIGN_STYLE = Automatic;
				CURRENT_PROJECT_VERSION = 1;
				ENABLE_PREVIEWS = YES;
				GENERATE_INFOPLIST_FILE = YES;
				INFOPLIST_KEY_UIApplicationSceneManifest_Generation = YES;
				INFOPLIST_KEY_UIApplicationSupportsIndirectInputEvents = YES;
				INFOPLIST_KEY_UILaunchScreen_Generation = YES;
				INFOPLIST_KEY_UISupportedInterfaceOrientations_iPad = "UIInterfaceOrientationPortrait UIInterfaceOrientationPortraitUpsideDown UIInterfaceOrientationLandscapeLeft UIInterfaceOrientationLandscapeRight";
				INFOPLIST_KEY_UISupportedInterfaceOrientations_iPhone = "UIInterfaceOrientationPortrait UIInterfaceOrientationLandscapeLeft UIInterfaceOrientationLandscapeRight";
				LD_RUNPATH_SEARCH_PATHS = (
					"$(inherited)",
					"@executable_path/Frameworks",
				);
				MARKETING_VERSION = 1.0;
				PRODUCT_BUNDLE_IDENTIFIER = "chusheng.ios-beta";
				PRODUCT_NAME = "$(TARGET_NAME)";
				SWIFT_EMIT_LOC_STRINGS = YES;
				SWIFT_VERSION = 5.0;
				TARGETED_DEVICE_FAMILY = "1,2";
			};
			name = Debug;
		};
		0ABF9D7F2E0BC2AE00495AB5 /* Release */ = {
			isa = XCBuildConfiguration;
			buildSettings = {
				ASSETCATALOG_COMPILER_APPICON_NAME = AppIcon;
				ASSETCATALOG_COMPILER_GLOBAL_ACCENT_COLOR_NAME = AccentColor;
				CODE_SIGN_STYLE = Automatic;
				CURRENT_PROJECT_VERSION = 1;
				ENABLE_PREVIEWS = YES;
				GENERATE_INFOPLIST_FILE = YES;
				INFOPLIST_KEY_UIApplicationSceneManifest_Generation = YES;
				INFOPLIST_KEY_UIApplicationSupportsIndirectInputEvents = YES;
				INFOPLIST_KEY_UILaunchScreen_Generation = YES;
				INFOPLIST_KEY_UISupportedInterfaceOrientations_iPad = "UIInterfaceOrientationPortrait UIInterfaceOrientationPortraitUpsideDown UIInterfaceOrientationLandscapeLeft UIInterfaceOrientationLandscapeRight";
				INFOPLIST_KEY_UISupportedInterfaceOrientations_iPhone = "UIInterfaceOrientationPortrait UIInterfaceOrientationLandscapeLeft UIInterfaceOrientationLandscapeRight";
				LD_RUNPATH_SEARCH_PATHS = (
					"$(inherited)",
					"@executable_path/Frameworks",
				);
				MARKETING_VERSION = 1.0;
				PRODUCT_BUNDLE_IDENTIFIER = "chusheng.ios-beta";
				PRODUCT_NAME = "$(TARGET_NAME)";
				SWIFT_EMIT_LOC_STRINGS = YES;
				SWIFT_VERSION = 5.0;
				TARGETED_DEVICE_FAMILY = "1,2";
			};
			name = Release;
		};
		0ABF9D812E0BC2AE00495AB5 /* Debug */ = {
			isa = XCBuildConfiguration;
			buildSettings = {
				BUNDLE_LOADER = "$(TEST_HOST)";
				CODE_SIGN_STYLE = Automatic;
				CURRENT_PROJECT_VERSION = 1;
				GENERATE_INFOPLIST_FILE = YES;
				IPHONEOS_DEPLOYMENT_TARGET = 18.5;
				MARKETING_VERSION = 1.0;
				PRODUCT_BUNDLE_IDENTIFIER = "chusheng.ios-betaTests";
				PRODUCT_NAME = "$(TARGET_NAME)";
				SWIFT_EMIT_LOC_STRINGS = NO;
				SWIFT_VERSION = 5.0;
				TARGETED_DEVICE_FAMILY = "1,2";
				TEST_HOST = "$(BUILT_PRODUCTS_DIR)/ios_beta.app/$(BUNDLE_EXECUTABLE_FOLDER_PATH)/ios_beta";
			};
			name = Debug;
		};
		0ABF9D822E0BC2AE00495AB5 /* Release */ = {
			isa = XCBuildConfiguration;
			buildSettings = {
				BUNDLE_LOADER = "$(TEST_HOST)";
				CODE_SIGN_STYLE = Automatic;
				CURRENT_PROJECT_VERSION = 1;
				GENERATE_INFOPLIST_FILE = YES;
				IPHONEOS_DEPLOYMENT_TARGET = 18.5;
				MARKETING_VERSION = 1.0;
				PRODUCT_BUNDLE_IDENTIFIER = "chusheng.ios-betaTests";
				PRODUCT_NAME = "$(TARGET_NAME)";
				SWIFT_EMIT_LOC_STRINGS = NO;
				SWIFT_VERSION = 5.0;
				TARGETED_DEVICE_FAMILY = "1,2";
				TEST_HOST = "$(BUILT_PRODUCTS_DIR)/ios_beta.app/$(BUNDLE_EXECUTABLE_FOLDER_PATH)/ios_beta";
			};
			name = Release;
		};
		0ABF9D842E0BC2AE00495AB5 /* Debug */ = {
			isa = XCBuildConfiguration;
			buildSettings = {
				CODE_SIGN_STYLE = Automatic;
				CURRENT_PROJECT_VERSION = 1;
				GENERATE_INFOPLIST_FILE = YES;
				MARKETING_VERSION = 1.0;
				PRODUCT_BUNDLE_IDENTIFIER = "chusheng.ios-betaUITests";
				PRODUCT_NAME = "$(TARGET_NAME)";
				SWIFT_EMIT_LOC_STRINGS = NO;
				SWIFT_VERSION = 5.0;
				TARGETED_DEVICE_FAMILY = "1,2";
				TEST_TARGET_NAME = ios_beta;
			};
			name = Debug;
		};
		0ABF9D852E0BC2AE00495AB5 /* Release */ = {
			isa = XCBuildConfiguration;
			buildSettings = {
				CODE_SIGN_STYLE = Automatic;
				CURRENT_PROJECT_VERSION = 1;
				GENERATE_INFOPLIST_FILE = YES;
				MARKETING_VERSION = 1.0;
				PRODUCT_BUNDLE_IDENTIFIER = "chusheng.ios-betaUITests";
				PRODUCT_NAME = "$(TARGET_NAME)";
				SWIFT_EMIT_LOC_STRINGS = NO;
				SWIFT_VERSION = 5.0;
				TARGETED_DEVICE_FAMILY = "1,2";
				TEST_TARGET_NAME = ios_beta;
			};
			name = Release;
		};
/* End XCBuildConfiguration section */

/* Begin XCConfigurationList section */
		0ABF9D522E0BC2AD00495AB5 /* Build configuration list for PBXProject "ios_beta" */ = {
			isa = XCConfigurationList;
			buildConfigurations = (
				0ABF9D7B2E0BC2AE00495AB5 /* Debug */,
				0ABF9D7C2E0BC2AE00495AB5 /* Release */,
			);
			defaultConfigurationIsVisible = 0;
			defaultConfigurationName = Release;
		};
		0ABF9D7D2E0BC2AE00495AB5 /* Build configuration list for PBXNativeTarget "ios_beta" */ = {
			isa = XCConfigurationList;
			buildConfigurations = (
				0ABF9D7E2E0BC2AE00495AB5 /* Debug */,
				0ABF9D7F2E0BC2AE00495AB5 /* Release */,
			);
			defaultConfigurationIsVisible = 0;
			defaultConfigurationName = Release;
		};
		0ABF9D802E0BC2AE00495AB5 /* Build configuration list for PBXNativeTarget "ios_betaTests" */ = {
			isa = XCConfigurationList;
			buildConfigurations = (
				0ABF9D812E0BC2AE00495AB5 /* Debug */,
				0ABF9D822E0BC2AE00495AB5 /* Release */,
			);
			defaultConfigurationIsVisible = 0;
			defaultConfigurationName = Release;
		};
		0ABF9D832E0BC2AE00495AB5 /* Build configuration list for PBXNativeTarget "ios_betaUITests" */ = {
			isa = XCConfigurationList;
			buildConfigurations = (
				0ABF9D842E0BC2AE00495AB5 /* Debug */,
				0ABF9D852E0BC2AE00495AB5 /* Release */,
			);
			defaultConfigurationIsVisible = 0;
			defaultConfigurationName = Release;
		};
/* End XCConfigurationList section */
	};
	rootObject = 0ABF9D4F2E0BC2AD00495AB5 /* Project object */;
}
